{
  "object": {
    "pins": [
      {
        "package": "Logger",
        "repositoryURL": "https://github.com/elegantchaos/Logger.git",
        "state": {
          "branch": null,
          "revision": "cd67757f696ce6c8353d874d867a49b8e2306e2f",
          "version": "1.5.3"
        }
      },
      {
        "package": "SemanticVersion",
        "repositoryURL": "https://github.com/elegantchaos/SemanticVersion.git",
        "state": {
          "branch": null,
          "revision": "fe174904ce8a070a3ca52e8b7e25193f3a004d66",
          "version": "1.0.3"
        }
      },
      {
        "package": "swift-argument-parser",
        "repositoryURL": "https://github.com/apple/swift-argument-parser",
        "state": {
          "branch": null,
          "revision": "8d31a0905c346a45c87773ad50862b5b3df8dff6",
          "version": "0.0.4"
        }
      },
      {
        "package": "XCTestExtensions",
        "repositoryURL": "https://github.com/elegantchaos/XCTestExtensions.git",
        "state": {
          "branch": null,
          "revision": "5a6c9b3d5889d48d647f2a165c9bba8b966d3a22",
          "version": "1.1.1"
        }
      }
    ]
  },
  "version": 1
}
