{
  "object": {
    "pins": [
      {
        "package": "Logger",
        "repositoryURL": "https://github.com/elegantchaos/Logger.git",
        "state": {
          "branch": null,
          "revision": "cd67757f696ce6c8353d874d867a49b8e2306e2f",
          "version": "1.5.3"
        }
      },
      {
        "package": "SemanticVersion",
        "repositoryURL": "https://github.com/elegantchaos/SemanticVersion.git",
        "state": {
          "branch": null,
          "revision": "a59ffef7a87e0a2c923468b860153d17433114d6",
          "version": "1.0.2"
        }
      },
      {
        "package": "swift-argument-parser",
        "repositoryURL": "https://github.com/apple/swift-argument-parser",
        "state": {
          "branch": null,
          "revision": "14c7622293ffbb7a235e896e37adf7eb089884a3",
          "version": "0.0.3"
        }
      },
      {
        "package": "XCTestExtensions",
        "repositoryURL": "https://github.com/elegantchaos/XCTestExtensions.git",
        "state": {
          "branch": null,
          "revision": "82713ebc6785374e9c5d91c492c387903192bc55",
          "version": "1.0.10"
        }
      }
    ]
  },
  "version": 1
}
